
Microsoft Visual Studio Solution File, Format Version 12.00
# Visual Studio Version 16
VisualStudioVersion = 16.0.30804.86
MinimumVisualStudioVersion = 10.0.40219.1
Project("{9A19103F-16F7-4668-BE54-9A1E7A4F7556}") = "ApiToApi_consul.ApiGateway", "ApiToApi_consul.ApiGateway\ApiToApi_consul.ApiGateway.csproj", "{8D1F090C-71EB-4F03-91DB-66138F8B9A73}"
EndProject
Project("{9A19103F-16F7-4668-BE54-9A1E7A4F7556}") = "ApiToApi_consul.service1", "ApiToApi_consul.service1\ApiToApi_consul.service1.csproj", "{7F7770A6-5E14-4995-9126-70DB068BB9EB}"
EndProject
Project("{9A19103F-16F7-4668-BE54-9A1E7A4F7556}") = "ApiToApi_consul.serviceA", "ApiToApi_consul.serviceA\ApiToApi_consul.serviceA.csproj", "{A56B604A-E091-4BEE-BD77-6995CEB79861}"
EndProject
Project("{FAE04EC0-301F-11D3-BF4B-00C04F79EFBC}") = "ApiToApi_consul.ServiceB", "ApiToApi_consul.ServiceB\ApiToApi_consul.ServiceB.csproj", "{C41E70EF-244D-4CF3-AD06-25BDFFFD07F5}"
EndProject
Project("{FAE04EC0-301F-11D3-BF4B-00C04F79EFBC}") = "ApiToApi_consul.Common", "ApiToApi_consul.Common\ApiToApi_consul.Common.csproj", "{A15BB011-D4A4-4374-900F-BF5267DDBB08}"
EndProject
Global
	GlobalSection(SolutionConfigurationPlatforms) = preSolution
		Debug|Any CPU = Debug|Any CPU
		Release|Any CPU = Release|Any CPU
	EndGlobalSection
	GlobalSection(ProjectConfigurationPlatforms) = postSolution
		{8D1F090C-71EB-4F03-91DB-66138F8B9A73}.Debug|Any CPU.ActiveCfg = Debug|Any CPU
		{8D1F090C-71EB-4F03-91DB-66138F8B9A73}.Debug|Any CPU.Build.0 = Debug|Any CPU
		{8D1F090C-71EB-4F03-91DB-66138F8B9A73}.Release|Any CPU.ActiveCfg = Release|Any CPU
		{8D1F090C-71EB-4F03-91DB-66138F8B9A73}.Release|Any CPU.Build.0 = Release|Any CPU
		{7F7770A6-5E14-4995-9126-70DB068BB9EB}.Debug|Any CPU.ActiveCfg = Debug|Any CPU
		{7F7770A6-5E14-4995-9126-70DB068BB9EB}.Debug|Any CPU.Build.0 = Debug|Any CPU
		{7F7770A6-5E14-4995-9126-70DB068BB9EB}.Release|Any CPU.ActiveCfg = Release|Any CPU
		{7F7770A6-5E14-4995-9126-70DB068BB9EB}.Release|Any CPU.Build.0 = Release|Any CPU
		{A56B604A-E091-4BEE-BD77-6995CEB79861}.Debug|Any CPU.ActiveCfg = Debug|Any CPU
		{A56B604A-E091-4BEE-BD77-6995CEB79861}.Debug|Any CPU.Build.0 = Debug|Any CPU
		{A56B604A-E091-4BEE-BD77-6995CEB79861}.Release|Any CPU.ActiveCfg = Release|Any CPU
		{A56B604A-E091-4BEE-BD77-6995CEB79861}.Release|Any CPU.Build.0 = Release|Any CPU
		{C41E70EF-244D-4CF3-AD06-25BDFFFD07F5}.Debug|Any CPU.ActiveCfg = Debug|Any CPU
		{C41E70EF-244D-4CF3-AD06-25BDFFFD07F5}.Debug|Any CPU.Build.0 = Debug|Any CPU
		{C41E70EF-244D-4CF3-AD06-25BDFFFD07F5}.Release|Any CPU.ActiveCfg = Release|Any CPU
		{C41E70EF-244D-4CF3-AD06-25BDFFFD07F5}.Release|Any CPU.Build.0 = Release|Any CPU
		{A15BB011-D4A4-4374-900F-BF5267DDBB08}.Debug|Any CPU.ActiveCfg = Debug|Any CPU
		{A15BB011-D4A4-4374-900F-BF5267DDBB08}.Debug|Any CPU.Build.0 = Debug|Any CPU
		{A15BB011-D4A4-4374-900F-BF5267DDBB08}.Release|Any CPU.ActiveCfg = Release|Any CPU
		{A15BB011-D4A4-4374-900F-BF5267DDBB08}.Release|Any CPU.Build.0 = Release|Any CPU
	EndGlobalSection
	GlobalSection(SolutionProperties) = preSolution
		HideSolutionNode = FALSE
	EndGlobalSection
	GlobalSection(ExtensibilityGlobals) = postSolution
		SolutionGuid = {11278FAA-3357-47C1-B24B-A354B3E7BD78}
	EndGlobalSection
EndGlobal
